// !$*UTF8*$!
{
	archiveVersion = 1;
	classes = {
	};
	objectVersion = 45;
	objects = {

/* Begin PBXBuildFile section */
		8DC2EF530486A6940098B216 /* InfoPlist.strings in Resources */ = {isa = PBXBuildFile; fileRef = 089C1666FE841158C02AAC07 /* InfoPlist.strings */; };
		8DC2EF570486A6940098B216 /* Cocoa.framework in Frameworks */ = {isa = PBXBuildFile; fileRef = 1058C7B1FEA5585E11CA2CBB /* Cocoa.framework */; };
		F90870040EEDE69D003B7507 /* DVDKit.m in Sources */ = {isa = PBXBuildFile; fileRef = F90870030EEDE69D003B7507 /* DVDKit.m */; };
		F98A625A0E8C700300071926 /* DKCellAddress.h in Headers */ = {isa = PBXBuildFile; fileRef = F98A62420E8C700300071926 /* DKCellAddress.h */; settings = {ATTRIBUTES = (Public, ); }; };
		F98A625B0E8C700300071926 /* DKCellAddress.m in Sources */ = {isa = PBXBuildFile; fileRef = F98A62430E8C700300071926 /* DKCellAddress.m */; };
		F98A625C0E8C700300071926 /* DKCellPlayback.h in Headers */ = {isa = PBXBuildFile; fileRef = F98A62440E8C700300071926 /* DKCellPlayback.h */; settings = {ATTRIBUTES = (Public, ); }; };
		F98A625D0E8C700300071926 /* DKCellPlayback.m in Sources */ = {isa = PBXBuildFile; fileRef = F98A62450E8C700300071926 /* DKCellPlayback.m */; };
		F98A625E0E8C700300071926 /* DKCellPosition.h in Headers */ = {isa = PBXBuildFile; fileRef = F98A62460E8C700300071926 /* DKCellPosition.h */; settings = {ATTRIBUTES = (Public, ); }; };
		F98A625F0E8C700300071926 /* DKCellPosition.m in Sources */ = {isa = PBXBuildFile; fileRef = F98A62470E8C700300071926 /* DKCellPosition.m */; };
		F98A62610E8C700300071926 /* DKCommand.h in Headers */ = {isa = PBXBuildFile; fileRef = F98A62490E8C700300071926 /* DKCommand.h */; settings = {ATTRIBUTES = (Public, ); }; };
		F98A62620E8C700300071926 /* DKCommand.m in Sources */ = {isa = PBXBuildFile; fileRef = F98A624A0E8C700300071926 /* DKCommand.m */; };
		F98A62630E8C700300071926 /* DVDKit.h in Headers */ = {isa = PBXBuildFile; fileRef = F98A624B0E8C700300071926 /* DVDKit.h */; settings = {ATTRIBUTES = (Public, ); }; };
		F98A62640E8C700300071926 /* DKMainMenuInformation.h in Headers */ = {isa = PBXBuildFile; fileRef = F98A624C0E8C700300071926 /* DKMainMenuInformation.h */; settings = {ATTRIBUTES = (Public, ); }; };
		F98A62650E8C700300071926 /* DKMainMenuInformation.m in Sources */ = {isa = PBXBuildFile; fileRef = F98A624D0E8C700300071926 /* DKMainMenuInformation.m */; };
		F98A62660E8C700300071926 /* DKPartOfTitle.h in Headers */ = {isa = PBXBuildFile; fileRef = F98A624E0E8C700300071926 /* DKPartOfTitle.h */; settings = {ATTRIBUTES = (Public, ); }; };
		F98A62670E8C700300071926 /* DKPartOfTitle.m in Sources */ = {isa = PBXBuildFile; fileRef = F98A624F0E8C700300071926 /* DKPartOfTitle.m */; };
		F98A62680E8C700300071926 /* DKProgramChain.h in Headers */ = {isa = PBXBuildFile; fileRef = F98A62500E8C700300071926 /* DKProgramChain.h */; settings = {ATTRIBUTES = (Public, ); }; };
		F98A62690E8C700300071926 /* DKProgramChain.m in Sources */ = {isa = PBXBuildFile; fileRef = F98A62510E8C700300071926 /* DKProgramChain.m */; };
		F98A626A0E8C700300071926 /* DKProgramChainSearchPointer.h in Headers */ = {isa = PBXBuildFile; fileRef = F98A62520E8C700300071926 /* DKProgramChainSearchPointer.h */; settings = {ATTRIBUTES = (Public, ); }; };
		F98A626B0E8C700300071926 /* DKProgramChainSearchPointer.m in Sources */ = {isa = PBXBuildFile; fileRef = F98A62530E8C700300071926 /* DKProgramChainSearchPointer.m */; };
		F98A626C0E8C700300071926 /* DKTitleSetInformation.h in Headers */ = {isa = PBXBuildFile; fileRef = F98A62540E8C700300071926 /* DKTitleSetInformation.h */; settings = {ATTRIBUTES = (Public, ); }; };
		F98A626D0E8C700300071926 /* DKTitleSetInformation.m in Sources */ = {isa = PBXBuildFile; fileRef = F98A62550E8C700300071926 /* DKTitleSetInformation.m */; };
		F98A626E0E8C700300071926 /* DKTitleTrackSearchPointer.h in Headers */ = {isa = PBXBuildFile; fileRef = F98A62560E8C700300071926 /* DKTitleTrackSearchPointer.h */; settings = {ATTRIBUTES = (Public, ); }; };
		F98A626F0E8C700300071926 /* DKTitleTrackSearchPointer.m in Sources */ = {isa = PBXBuildFile; fileRef = F98A62570E8C700300071926 /* DKTitleTrackSearchPointer.m */; };
		F98A62700E8C700300071926 /* DKVirtualMachine.h in Headers */ = {isa = PBXBuildFile; fileRef = F98A62580E8C700300071926 /* DKVirtualMachine.h */; settings = {ATTRIBUTES = (Public, ); }; };
		F98A62710E8C700300071926 /* DKVirtualMachine.m in Sources */ = {isa = PBXBuildFile; fileRef = F98A62590E8C700300071926 /* DKVirtualMachine.m */; };
		F98A62F40E8C7E7F00071926 /* README in Resources */ = {isa = PBXBuildFile; fileRef = F98A62F30E8C7E7F00071926 /* README */; };
		F98A63590E8C8E1200071926 /* LICENSE in Resources */ = {isa = PBXBuildFile; fileRef = F98A63580E8C8E1200071926 /* LICENSE */; };
		F9A9D9220EE5916E00D2F1AC /* DVDKit+Private.h in Headers */ = {isa = PBXBuildFile; fileRef = F9A9D9210EE5916E00D2F1AC /* DVDKit+Private.h */; };
		F9A9DB720EE6E13C00D2F1AC /* DKVideoAttributes.h in Headers */ = {isa = PBXBuildFile; fileRef = F9A9DB700EE6E13C00D2F1AC /* DKVideoAttributes.h */; settings = {ATTRIBUTES = (Public, ); }; };
		F9A9DB730EE6E13C00D2F1AC /* DKVideoAttributes.m in Sources */ = {isa = PBXBuildFile; fileRef = F9A9DB710EE6E13C00D2F1AC /* DKVideoAttributes.m */; };
		F9A9DB760EE6E15000D2F1AC /* DKAudioAttributes.h in Headers */ = {isa = PBXBuildFile; fileRef = F9A9DB740EE6E15000D2F1AC /* DKAudioAttributes.h */; settings = {ATTRIBUTES = (Public, ); }; };
		F9A9DB770EE6E15000D2F1AC /* DKAudioAttributes.m in Sources */ = {isa = PBXBuildFile; fileRef = F9A9DB750EE6E15000D2F1AC /* DKAudioAttributes.m */; };
		F9A9DB7A0EE6E17700D2F1AC /* DKSubpictureAttributes.h in Headers */ = {isa = PBXBuildFile; fileRef = F9A9DB780EE6E17700D2F1AC /* DKSubpictureAttributes.h */; settings = {ATTRIBUTES = (Public, ); }; };
		F9A9DB7B0EE6E17700D2F1AC /* DKSubpictureAttributes.m in Sources */ = {isa = PBXBuildFile; fileRef = F9A9DB790EE6E17700D2F1AC /* DKSubpictureAttributes.m */; };
/* End PBXBuildFile section */

/* Begin PBXFileReference section */
		0867D69BFE84028FC02AAC07 /* Foundation.framework */ = {isa = PBXFileReference; lastKnownFileType = wrapper.framework; name = Foundation.framework; path = /System/Library/Frameworks/Foundation.framework; sourceTree = "<absolute>"; };
		0867D6A5FE840307C02AAC07 /* AppKit.framework */ = {isa = PBXFileReference; lastKnownFileType = wrapper.framework; name = AppKit.framework; path = /System/Library/Frameworks/AppKit.framework; sourceTree = "<absolute>"; };
		089C1667FE841158C02AAC07 /* English */ = {isa = PBXFileReference; fileEncoding = 10; lastKnownFileType = text.plist.strings; name = English; path = English.lproj/InfoPlist.strings; sourceTree = "<group>"; };
		1058C7B1FEA5585E11CA2CBB /* Cocoa.framework */ = {isa = PBXFileReference; lastKnownFileType = wrapper.framework; name = Cocoa.framework; path = /System/Library/Frameworks/Cocoa.framework; sourceTree = "<absolute>"; };
		8DC2EF5A0486A6940098B216 /* Info.plist */ = {isa = PBXFileReference; fileEncoding = 4; lastKnownFileType = text.plist.xml; path = Info.plist; sourceTree = "<group>"; };
		8DC2EF5B0486A6940098B216 /* DVDKit.framework */ = {isa = PBXFileReference; explicitFileType = wrapper.framework; includeInIndex = 0; path = DVDKit.framework; sourceTree = BUILT_PRODUCTS_DIR; };
		D2F7E79907B2D74100F64583 /* CoreData.framework */ = {isa = PBXFileReference; lastKnownFileType = wrapper.framework; name = CoreData.framework; path = /System/Library/Frameworks/CoreData.framework; sourceTree = "<absolute>"; };
		F90870030EEDE69D003B7507 /* DVDKit.m */ = {isa = PBXFileReference; fileEncoding = 4; lastKnownFileType = sourcecode.c.objc; path = DVDKit.m; sourceTree = "<group>"; };
		F98A62420E8C700300071926 /* DKCellAddress.h */ = {isa = PBXFileReference; fileEncoding = 4; lastKnownFileType = sourcecode.c.h; path = DKCellAddress.h; sourceTree = "<group>"; };
		F98A62430E8C700300071926 /* DKCellAddress.m */ = {isa = PBXFileReference; fileEncoding = 4; lastKnownFileType = sourcecode.c.objc; path = DKCellAddress.m; sourceTree = "<group>"; };
		F98A62440E8C700300071926 /* DKCellPlayback.h */ = {isa = PBXFileReference; fileEncoding = 4; lastKnownFileType = sourcecode.c.h; path = DKCellPlayback.h; sourceTree = "<group>"; };
		F98A62450E8C700300071926 /* DKCellPlayback.m */ = {isa = PBXFileReference; fileEncoding = 4; lastKnownFileType = sourcecode.c.objc; path = DKCellPlayback.m; sourceTree = "<group>"; };
		F98A62460E8C700300071926 /* DKCellPosition.h */ = {isa = PBXFileReference; fileEncoding = 4; lastKnownFileType = sourcecode.c.h; path = DKCellPosition.h; sourceTree = "<group>"; };
		F98A62470E8C700300071926 /* DKCellPosition.m */ = {isa = PBXFileReference; fileEncoding = 4; lastKnownFileType = sourcecode.c.objc; path = DKCellPosition.m; sourceTree = "<group>"; };
		F98A62490E8C700300071926 /* DKCommand.h */ = {isa = PBXFileReference; fileEncoding = 4; lastKnownFileType = sourcecode.c.h; path = DKCommand.h; sourceTree = "<group>"; };
		F98A624A0E8C700300071926 /* DKCommand.m */ = {isa = PBXFileReference; fileEncoding = 4; lastKnownFileType = sourcecode.c.objc; path = DKCommand.m; sourceTree = "<group>"; };
		F98A624B0E8C700300071926 /* DVDKit.h */ = {isa = PBXFileReference; fileEncoding = 4; lastKnownFileType = sourcecode.c.h; path = DVDKit.h; sourceTree = "<group>"; };
		F98A624C0E8C700300071926 /* DKMainMenuInformation.h */ = {isa = PBXFileReference; fileEncoding = 4; lastKnownFileType = sourcecode.c.h; path = DKMainMenuInformation.h; sourceTree = "<group>"; };
		F98A624D0E8C700300071926 /* DKMainMenuInformation.m */ = {isa = PBXFileReference; fileEncoding = 4; lastKnownFileType = sourcecode.c.objc; path = DKMainMenuInformation.m; sourceTree = "<group>"; };
		F98A624E0E8C700300071926 /* DKPartOfTitle.h */ = {isa = PBXFileReference; fileEncoding = 4; lastKnownFileType = sourcecode.c.h; path = DKPartOfTitle.h; sourceTree = "<group>"; };
		F98A624F0E8C700300071926 /* DKPartOfTitle.m */ = {isa = PBXFileReference; fileEncoding = 4; lastKnownFileType = sourcecode.c.objc; path = DKPartOfTitle.m; sourceTree = "<group>"; };
		F98A62500E8C700300071926 /* DKProgramChain.h */ = {isa = PBXFileReference; fileEncoding = 4; lastKnownFileType = sourcecode.c.h; path = DKProgramChain.h; sourceTree = "<group>"; };
		F98A62510E8C700300071926 /* DKProgramChain.m */ = {isa = PBXFileReference; fileEncoding = 4; lastKnownFileType = sourcecode.c.objc; path = DKProgramChain.m; sourceTree = "<group>"; };
		F98A62520E8C700300071926 /* DKProgramChainSearchPointer.h */ = {isa = PBXFileReference; fileEncoding = 4; lastKnownFileType = sourcecode.c.h; path = DKProgramChainSearchPointer.h; sourceTree = "<group>"; };
		F98A62530E8C700300071926 /* DKProgramChainSearchPointer.m */ = {isa = PBXFileReference; fileEncoding = 4; lastKnownFileType = sourcecode.c.objc; path = DKProgramChainSearchPointer.m; sourceTree = "<group>"; };
		F98A62540E8C700300071926 /* DKTitleSetInformation.h */ = {isa = PBXFileReference; fileEncoding = 4; lastKnownFileType = sourcecode.c.h; path = DKTitleSetInformation.h; sourceTree = "<group>"; };
		F98A62550E8C700300071926 /* DKTitleSetInformation.m */ = {isa = PBXFileReference; fileEncoding = 4; lastKnownFileType = sourcecode.c.objc; path = DKTitleSetInformation.m; sourceTree = "<group>"; };
		F98A62560E8C700300071926 /* DKTitleTrackSearchPointer.h */ = {isa = PBXFileReference; fileEncoding = 4; lastKnownFileType = sourcecode.c.h; path = DKTitleTrackSearchPointer.h; sourceTree = "<group>"; };
		F98A62570E8C700300071926 /* DKTitleTrackSearchPointer.m */ = {isa = PBXFileReference; fileEncoding = 4; lastKnownFileType = sourcecode.c.objc; path = DKTitleTrackSearchPointer.m; sourceTree = "<group>"; };
		F98A62580E8C700300071926 /* DKVirtualMachine.h */ = {isa = PBXFileReference; fileEncoding = 4; lastKnownFileType = sourcecode.c.h; path = DKVirtualMachine.h; sourceTree = "<group>"; };
		F98A62590E8C700300071926 /* DKVirtualMachine.m */ = {isa = PBXFileReference; fileEncoding = 4; lastKnownFileType = sourcecode.c.objc; path = DKVirtualMachine.m; sourceTree = "<group>"; };
		F98A62F30E8C7E7F00071926 /* README */ = {isa = PBXFileReference; fileEncoding = 4; lastKnownFileType = text; path = README; sourceTree = "<group>"; };
		F98A63580E8C8E1200071926 /* LICENSE */ = {isa = PBXFileReference; fileEncoding = 4; lastKnownFileType = text; path = LICENSE; sourceTree = "<group>"; };
		F9A9D9210EE5916E00D2F1AC /* DVDKit+Private.h */ = {isa = PBXFileReference; fileEncoding = 4; lastKnownFileType = sourcecode.c.h; path = "DVDKit+Private.h"; sourceTree = "<group>"; };
		F9A9DB700EE6E13C00D2F1AC /* DKVideoAttributes.h */ = {isa = PBXFileReference; fileEncoding = 4; lastKnownFileType = sourcecode.c.h; path = DKVideoAttributes.h; sourceTree = "<group>"; };
		F9A9DB710EE6E13C00D2F1AC /* DKVideoAttributes.m */ = {isa = PBXFileReference; fileEncoding = 4; lastKnownFileType = sourcecode.c.objc; path = DKVideoAttributes.m; sourceTree = "<group>"; };
		F9A9DB740EE6E15000D2F1AC /* DKAudioAttributes.h */ = {isa = PBXFileReference; fileEncoding = 4; lastKnownFileType = sourcecode.c.h; path = DKAudioAttributes.h; sourceTree = "<group>"; };
		F9A9DB750EE6E15000D2F1AC /* DKAudioAttributes.m */ = {isa = PBXFileReference; fileEncoding = 4; lastKnownFileType = sourcecode.c.objc; path = DKAudioAttributes.m; sourceTree = "<group>"; };
		F9A9DB780EE6E17700D2F1AC /* DKSubpictureAttributes.h */ = {isa = PBXFileReference; fileEncoding = 4; lastKnownFileType = sourcecode.c.h; path = DKSubpictureAttributes.h; sourceTree = "<group>"; };
		F9A9DB790EE6E17700D2F1AC /* DKSubpictureAttributes.m */ = {isa = PBXFileReference; fileEncoding = 4; lastKnownFileType = sourcecode.c.objc; path = DKSubpictureAttributes.m; sourceTree = "<group>"; };
/* End PBXFileReference section */

/* Begin PBXFrameworksBuildPhase section */
		8DC2EF560486A6940098B216 /* Frameworks */ = {
			isa = PBXFrameworksBuildPhase;
			buildActionMask = 2147483647;
			files = (
				8DC2EF570486A6940098B216 /* Cocoa.framework in Frameworks */,
			);
			runOnlyForDeploymentPostprocessing = 0;
		};
/* End PBXFrameworksBuildPhase section */

/* Begin PBXGroup section */
		034768DFFF38A50411DB9C8B /* Products */ = {
			isa = PBXGroup;
			children = (
				8DC2EF5B0486A6940098B216 /* DVDKit.framework */,
			);
			name = Products;
			sourceTree = "<group>";
		};
		0867D691FE84028FC02AAC07 /* DVDKit */ = {
			isa = PBXGroup;
			children = (
				F98A62F30E8C7E7F00071926 /* README */,
				F98A63580E8C8E1200071926 /* LICENSE */,
				08FB77AEFE84172EC02AAC07 /* Source */,
				089C1665FE841158C02AAC07 /* Resources */,
				0867D69AFE84028FC02AAC07 /* External Frameworks and Libraries */,
				034768DFFF38A50411DB9C8B /* Products */,
			);
			name = DVDKit;
			sourceTree = "<group>";
		};
		0867D69AFE84028FC02AAC07 /* External Frameworks and Libraries */ = {
			isa = PBXGroup;
			children = (
				1058C7B0FEA5585E11CA2CBB /* Linked Frameworks */,
				1058C7B2FEA5585E11CA2CBB /* Other Frameworks */,
			);
			name = "External Frameworks and Libraries";
			sourceTree = "<group>";
		};
		089C1665FE841158C02AAC07 /* Resources */ = {
			isa = PBXGroup;
			children = (
				8DC2EF5A0486A6940098B216 /* Info.plist */,
				089C1666FE841158C02AAC07 /* InfoPlist.strings */,
			);
			path = Resources;
			sourceTree = "<group>";
		};
		08FB77AEFE84172EC02AAC07 /* Source */ = {
			isa = PBXGroup;
			children = (
				F98A624B0E8C700300071926 /* DVDKit.h */,
				F90870030EEDE69D003B7507 /* DVDKit.m */,
				F9A9D9210EE5916E00D2F1AC /* DVDKit+Private.h */,
				F98A62420E8C700300071926 /* DKCellAddress.h */,
				F98A62430E8C700300071926 /* DKCellAddress.m */,
				F98A62440E8C700300071926 /* DKCellPlayback.h */,
				F98A62450E8C700300071926 /* DKCellPlayback.m */,
				F98A62460E8C700300071926 /* DKCellPosition.h */,
				F98A62470E8C700300071926 /* DKCellPosition.m */,
				F98A62490E8C700300071926 /* DKCommand.h */,
				F98A624A0E8C700300071926 /* DKCommand.m */,
				F98A624C0E8C700300071926 /* DKMainMenuInformation.h */,
				F98A624D0E8C700300071926 /* DKMainMenuInformation.m */,
				F98A624E0E8C700300071926 /* DKPartOfTitle.h */,
				F98A624F0E8C700300071926 /* DKPartOfTitle.m */,
				F98A62500E8C700300071926 /* DKProgramChain.h */,
				F98A62510E8C700300071926 /* DKProgramChain.m */,
				F98A62520E8C700300071926 /* DKProgramChainSearchPointer.h */,
				F98A62530E8C700300071926 /* DKProgramChainSearchPointer.m */,
				F98A62540E8C700300071926 /* DKTitleSetInformation.h */,
				F98A62550E8C700300071926 /* DKTitleSetInformation.m */,
				F98A62560E8C700300071926 /* DKTitleTrackSearchPointer.h */,
				F98A62570E8C700300071926 /* DKTitleTrackSearchPointer.m */,
				F98A62580E8C700300071926 /* DKVirtualMachine.h */,
				F98A62590E8C700300071926 /* DKVirtualMachine.m */,
				F9A9DB700EE6E13C00D2F1AC /* DKVideoAttributes.h */,
				F9A9DB710EE6E13C00D2F1AC /* DKVideoAttributes.m */,
				F9A9DB740EE6E15000D2F1AC /* DKAudioAttributes.h */,
				F9A9DB750EE6E15000D2F1AC /* DKAudioAttributes.m */,
				F9A9DB780EE6E17700D2F1AC /* DKSubpictureAttributes.h */,
				F9A9DB790EE6E17700D2F1AC /* DKSubpictureAttributes.m */,
			);
			path = Source;
			sourceTree = "<group>";
		};
		1058C7B0FEA5585E11CA2CBB /* Linked Frameworks */ = {
			isa = PBXGroup;
			children = (
				1058C7B1FEA5585E11CA2CBB /* Cocoa.framework */,
			);
			name = "Linked Frameworks";
			sourceTree = "<group>";
		};
		1058C7B2FEA5585E11CA2CBB /* Other Frameworks */ = {
			isa = PBXGroup;
			children = (
				0867D6A5FE840307C02AAC07 /* AppKit.framework */,
				D2F7E79907B2D74100F64583 /* CoreData.framework */,
				0867D69BFE84028FC02AAC07 /* Foundation.framework */,
			);
			name = "Other Frameworks";
			sourceTree = "<group>";
		};
/* End PBXGroup section */

/* Begin PBXHeadersBuildPhase section */
		8DC2EF500486A6940098B216 /* Headers */ = {
			isa = PBXHeadersBuildPhase;
			buildActionMask = 2147483647;
			files = (
				F98A625A0E8C700300071926 /* DKCellAddress.h in Headers */,
				F98A625C0E8C700300071926 /* DKCellPlayback.h in Headers */,
				F98A625E0E8C700300071926 /* DKCellPosition.h in Headers */,
				F98A62610E8C700300071926 /* DKCommand.h in Headers */,
				F98A62630E8C700300071926 /* DVDKit.h in Headers */,
				F98A62640E8C700300071926 /* DKMainMenuInformation.h in Headers */,
				F98A62660E8C700300071926 /* DKPartOfTitle.h in Headers */,
				F98A62680E8C700300071926 /* DKProgramChain.h in Headers */,
				F98A626A0E8C700300071926 /* DKProgramChainSearchPointer.h in Headers */,
				F98A626C0E8C700300071926 /* DKTitleSetInformation.h in Headers */,
				F98A626E0E8C700300071926 /* DKTitleTrackSearchPointer.h in Headers */,
				F98A62700E8C700300071926 /* DKVirtualMachine.h in Headers */,
				F9A9D9220EE5916E00D2F1AC /* DVDKit+Private.h in Headers */,
				F9A9DB720EE6E13C00D2F1AC /* DKVideoAttributes.h in Headers */,
				F9A9DB760EE6E15000D2F1AC /* DKAudioAttributes.h in Headers */,
				F9A9DB7A0EE6E17700D2F1AC /* DKSubpictureAttributes.h in Headers */,
			);
			runOnlyForDeploymentPostprocessing = 0;
		};
/* End PBXHeadersBuildPhase section */

/* Begin PBXNativeTarget section */
		8DC2EF4F0486A6940098B216 /* DVDKit */ = {
			isa = PBXNativeTarget;
			buildConfigurationList = 1DEB91AD08733DA50010E9CD /* Build configuration list for PBXNativeTarget "DVDKit" */;
			buildPhases = (
				8DC2EF500486A6940098B216 /* Headers */,
				8DC2EF520486A6940098B216 /* Resources */,
				8DC2EF540486A6940098B216 /* Sources */,
				8DC2EF560486A6940098B216 /* Frameworks */,
			);
			buildRules = (
			);
			dependencies = (
			);
			name = DVDKit;
			productInstallPath = "$(HOME)/Library/Frameworks";
			productName = DVDKit;
			productReference = 8DC2EF5B0486A6940098B216 /* DVDKit.framework */;
			productType = "com.apple.product-type.framework";
		};
/* End PBXNativeTarget section */

/* Begin PBXProject section */
		0867D690FE84028FC02AAC07 /* Project object */ = {
			isa = PBXProject;
			buildConfigurationList = 1DEB91B108733DA50010E9CD /* Build configuration list for PBXProject "DVDKit" */;
			compatibilityVersion = "Xcode 3.1";
			hasScannedForEncodings = 1;
			mainGroup = 0867D691FE84028FC02AAC07 /* DVDKit */;
			productRefGroup = 034768DFFF38A50411DB9C8B /* Products */;
			projectDirPath = "";
			projectRoot = "";
			targets = (
				8DC2EF4F0486A6940098B216 /* DVDKit */,
			);
		};
/* End PBXProject section */

/* Begin PBXResourcesBuildPhase section */
		8DC2EF520486A6940098B216 /* Resources */ = {
			isa = PBXResourcesBuildPhase;
			buildActionMask = 2147483647;
			files = (
				8DC2EF530486A6940098B216 /* InfoPlist.strings in Resources */,
				F98A62F40E8C7E7F00071926 /* README in Resources */,
				F98A63590E8C8E1200071926 /* LICENSE in Resources */,
			);
			runOnlyForDeploymentPostprocessing = 0;
		};
/* End PBXResourcesBuildPhase section */

/* Begin PBXSourcesBuildPhase section */
		8DC2EF540486A6940098B216 /* Sources */ = {
			isa = PBXSourcesBuildPhase;
			buildActionMask = 2147483647;
			files = (
				F98A625B0E8C700300071926 /* DKCellAddress.m in Sources */,
				F98A625D0E8C700300071926 /* DKCellPlayback.m in Sources */,
				F98A625F0E8C700300071926 /* DKCellPosition.m in Sources */,
				F98A62620E8C700300071926 /* DKCommand.m in Sources */,
				F98A62650E8C700300071926 /* DKMainMenuInformation.m in Sources */,
				F98A62670E8C700300071926 /* DKPartOfTitle.m in Sources */,
				F98A62690E8C700300071926 /* DKProgramChain.m in Sources */,
				F98A626B0E8C700300071926 /* DKProgramChainSearchPointer.m in Sources */,
				F98A626D0E8C700300071926 /* DKTitleSetInformation.m in Sources */,
				F98A626F0E8C700300071926 /* DKTitleTrackSearchPointer.m in Sources */,
				F98A62710E8C700300071926 /* DKVirtualMachine.m in Sources */,
				F9A9DB730EE6E13C00D2F1AC /* DKVideoAttributes.m in Sources */,
				F9A9DB770EE6E15000D2F1AC /* DKAudioAttributes.m in Sources */,
				F9A9DB7B0EE6E17700D2F1AC /* DKSubpictureAttributes.m in Sources */,
				F90870040EEDE69D003B7507 /* DVDKit.m in Sources */,
			);
			runOnlyForDeploymentPostprocessing = 0;
		};
/* End PBXSourcesBuildPhase section */

/* Begin PBXVariantGroup section */
		089C1666FE841158C02AAC07 /* InfoPlist.strings */ = {
			isa = PBXVariantGroup;
			children = (
				089C1667FE841158C02AAC07 /* English */,
			);
			name = InfoPlist.strings;
			sourceTree = "<group>";
		};
/* End PBXVariantGroup section */

/* Begin XCBuildConfiguration section */
		1DEB91AE08733DA50010E9CD /* Debug */ = {
			isa = XCBuildConfiguration;
			buildSettings = {
				ALWAYS_SEARCH_USER_PATHS = NO;
				ARCHS = "$(ARCHS_STANDARD_32_64_BIT)";
				COPY_PHASE_STRIP = NO;
				DEBUG_INFORMATION_FORMAT = "dwarf-with-dsym";
				DYLIB_COMPATIBILITY_VERSION = 1;
				DYLIB_CURRENT_VERSION = 1;
				FRAMEWORK_VERSION = A;
				GCC_DYNAMIC_NO_PIC = NO;
				GCC_ENABLE_FIX_AND_CONTINUE = YES;
				GCC_MODEL_TUNING = G5;
				GCC_OPTIMIZATION_LEVEL = 0;
				GCC_PRECOMPILE_PREFIX_HEADER = YES;
				GCC_PREFIX_HEADER = "";
				GCC_VERSION = 4.2;
				INFOPLIST_FILE = Resources/Info.plist;
				INSTALL_PATH = "@executable_path/../Frameworks";
				ONLY_ACTIVE_ARCH = YES;
				OTHER_CFLAGS = "-DDEBUG";
				PRODUCT_NAME = DVDKit;
				WRAPPER_EXTENSION = framework;
			};
			name = Debug;
		};
		1DEB91AF08733DA50010E9CD /* Release */ = {
			isa = XCBuildConfiguration;
			buildSettings = {
				ALWAYS_SEARCH_USER_PATHS = NO;
				ARCHS = "$(ARCHS_STANDARD_32_64_BIT)";
				DEBUG_INFORMATION_FORMAT = "dwarf-with-dsym";
				DYLIB_COMPATIBILITY_VERSION = 1;
				DYLIB_CURRENT_VERSION = 1;
				FRAMEWORK_VERSION = A;
				GCC_MODEL_TUNING = G5;
				GCC_PRECOMPILE_PREFIX_HEADER = YES;
				GCC_PREFIX_HEADER = "";
				GCC_VERSION = 4.2;
				INFOPLIST_FILE = Resources/Info.plist;
				INSTALL_PATH = "@executable_path/../Frameworks";
				OTHER_CFLAGS = "";
				PRODUCT_NAME = DVDKit;
				WRAPPER_EXTENSION = framework;
			};
			name = Release;
		};
		1DEB91B208733DA50010E9CD /* Debug */ = {
			isa = XCBuildConfiguration;
			buildSettings = {
				ARCHS = "$(ARCHS_STANDARD_32_BIT)";
				GCC_C_LANGUAGE_STANDARD = c99;
				GCC_OPTIMIZATION_LEVEL = 0;
				GCC_WARN_ABOUT_RETURN_TYPE = YES;
				GCC_WARN_UNUSED_VARIABLE = YES;
				ONLY_ACTIVE_ARCH = YES;
				PREBINDING = NO;
				SDKROOT = macosx10.5;
			};
			name = Debug;
		};
		1DEB91B308733DA50010E9CD /* Release */ = {
			isa = XCBuildConfiguration;
			buildSettings = {
				ARCHS = "$(ARCHS_STANDARD_32_BIT)";
				GCC_C_LANGUAGE_STANDARD = c99;
				GCC_WARN_ABOUT_RETURN_TYPE = YES;
				GCC_WARN_UNUSED_VARIABLE = YES;
				PREBINDING = NO;
				SDKROOT = macosx10.5;
			};
			name = Release;
		};
/* End XCBuildConfiguration section */

/* Begin XCConfigurationList section */
		1DEB91AD08733DA50010E9CD /* Build configuration list for PBXNativeTarget "DVDKit" */ = {
			isa = XCConfigurationList;
			buildConfigurations = (
				1DEB91AE08733DA50010E9CD /* Debug */,
				1DEB91AF08733DA50010E9CD /* Release */,
			);
			defaultConfigurationIsVisible = 0;
			defaultConfigurationName = Release;
		};
		1DEB91B108733DA50010E9CD /* Build configuration list for PBXProject "DVDKit" */ = {
			isa = XCConfigurationList;
			buildConfigurations = (
				1DEB91B208733DA50010E9CD /* Debug */,
				1DEB91B308733DA50010E9CD /* Release */,
			);
			defaultConfigurationIsVisible = 0;
			defaultConfigurationName = Release;
		};
/* End XCConfigurationList section */
	};
	rootObject = 0867D690FE84028FC02AAC07 /* Project object */;
}
